<?xml version="1.0" encoding="utf-8"?>
<Project ToolsVersion="4.0" xmlns="http://schemas.microsoft.com/developer/msbuild/2003">
  <ItemGroup>
    <Filter Include="Source Files">
      <UniqueIdentifier>{4FC737F1-C7A5-4376-A066-2A32D752A2FF}</UniqueIdentifier>
      <Extensions>cpp;c;cxx;def;odl;idl;hpj;bat;asm;asmx</Extensions>
    </Filter>
    <Filter Include="Header Files">
      <UniqueIdentifier>{93995380-89BD-4b04-88EB-625FBE52EBFB}</UniqueIdentifier>
      <Extensions>h;hpp;hxx;hm;inl;inc;xsd</Extensions>
    </Filter>
    <Filter Include="Resource Files">
      <UniqueIdentifier>{67DA6AB6-F800-4c08-8B7A-83BB121AAD01}</UniqueIdentifier>
      <Extensions>rc;ico;cur;bmp;dlg;rc2;rct;bin;rgs;gif;jpg;jpeg;jpe;resx</Extensions>
    </Filter>
  </ItemGroup>
  <ItemGroup>
    <ClCompile Include="..\colamd\colamd.c">
      <Filter>Source Files</Filter>
    </ClCompile>
    <ClCompile Include="..\shared\commonlib.c">
      <Filter>Source Files</Filter>
    </ClCompile>
    <ClCompile Include="..\fortify.c">
      <Filter>Source Files</Filter>
    </ClCompile>
    <ClCompile Include="..\ini.c">
      <Filter>Source Files</Filter>
    </ClCompile>
    <ClCompile Include="..\lp_crash.c">
      <Filter>Source Files</Filter>
    </ClCompile>
    <ClCompile Include="..\lp_Hash.c">
      <Filter>Source Files</Filter>
    </ClCompile>
    <ClCompile Include="..\lp_lib.c">
      <Filter>Source Files</Filter>
    </ClCompile>
    <ClCompile Include="..\Bfp\Bfp_lusol\lp_LUSOL.c">
      <Filter>Source Files</Filter>
    </ClCompile>
    <ClCompile Include="..\lp_matrix.c">
      <Filter>Source Files</Filter>
    </ClCompile>
    <ClCompile Include="..\lp_MDO.c">
      <Filter>Source Files</Filter>
    </ClCompile>
    <ClCompile Include="..\lp_mipbb.c">
      <Filter>Source Files</Filter>
    </ClCompile>
    <ClCompile Include="..\lp_MPS.c">
      <Filter>Source Files</Filter>
    </ClCompile>
    <ClCompile Include="..\lp_params.c">
      <Filter>Source Files</Filter>
    </ClCompile>
    <ClCompile Include="..\lp_presolve.c">
      <Filter>Source Files</Filter>
    </ClCompile>
    <ClCompile Include="..\lp_price.c">
      <Filter>Source Files</Filter>
    </ClCompile>
    <ClCompile Include="..\lp_pricePSE.c">
      <Filter>Source Files</Filter>
    </ClCompile>
    <ClCompile Include="..\lp_report.c">
      <Filter>Source Files</Filter>
    </ClCompile>
    <ClCompile Include="..\lp_rlp.c">
      <Filter>Source Files</Filter>
    </ClCompile>
    <ClCompile Include="..\lp_scale.c">
      <Filter>Source Files</Filter>
    </ClCompile>
    <ClCompile Include="..\lp_simplex.c">
      <Filter>Source Files</Filter>
    </ClCompile>
    <ClCompile Include="lp_solve.c">
      <Filter>Source Files</Filter>
    </ClCompile>
    <ClCompile Include="..\lp_SOS.c">
      <Filter>Source Files</Filter>
    </ClCompile>
    <ClCompile Include="..\lp_utils.c">
      <Filter>Source Files</Filter>
    </ClCompile>
    <ClCompile Include="..\lp_wlp.c">
      <Filter>Source Files</Filter>
    </ClCompile>
    <ClCompile Include="..\Bfp\Bfp_lusol\LUSOL\lusol.c">
      <Filter>Source Files</Filter>
    </ClCompile>
    <ClCompile Include="..\shared\mmio.c">
      <Filter>Source Files</Filter>
    </ClCompile>
    <ClCompile Include="..\shared\myblas.c">
      <Filter>Source Files</Filter>
    </ClCompile>
    <ClCompile Include="..\yacc_read.c">
      <Filter>Source Files</Filter>
    </ClCompile>
  </ItemGroup>
  <ItemGroup>
    <ClInclude Include="..\colamd\colamd.h">
      <Filter>Header Files</Filter>
    </ClInclude>
    <ClInclude Include="..\ini.h">
      <Filter>Header Files</Filter>
    </ClInclude>
    <ClInclude Include="..\bfp\bfp_etaPFI\lp_etaPFI.h">
      <Filter>Header Files</Filter>
    </ClInclude>
    <ClInclude Include="..\lp_lib.h">
      <Filter>Header Files</Filter>
    </ClInclude>
    <ClInclude Include="..\lp_matrix.h">
      <Filter>Header Files</Filter>
    </ClInclude>
    <ClInclude Include="..\lp_MPS.h">
      <Filter>Header Files</Filter>
    </ClInclude>
    <ClInclude Include="..\lpkit.h">
      <Filter>Header Files</Filter>
    </ClInclude>
    <ClInclude Include="..\patchlevel.h">
      <Filter>Header Files</Filter>
    </ClInclude>
  </ItemGroup>
  <ItemGroup>
    <None Include="debug\BuildLog.htm" />
  </ItemGroup>
</Project>