// !$*UTF8*$!
{
	archiveVersion = 1;
	classes = {
	};
	objectVersion = 46;
	objects = {

/* Begin PBXBuildFile section */
		2901F1211BB0086C004C328B /* libz.tbd in Frameworks */ = {isa = PBXBuildFile; fileRef = 2901F1201BB0086C004C328B /* libz.tbd */; };
		2907CCEC193DE6560011341A /* icon_onelab.png in Resources */ = {isa = PBXBuildFile; fileRef = 2907CCEB193DE6560011341A /* icon_onelab.png */; };
		291191DB1E93ACF700069C0C /* occt.framework in Frameworks */ = {isa = PBXBuildFile; fileRef = 291191DA1E93ACF700069C0C /* occt.framework */; };
		295056611D9AF3D200B9D9C4 /* MessageUI.framework in Frameworks */ = {isa = PBXBuildFile; fileRef = 295056601D9AF3D200B9D9C4 /* MessageUI.framework */; };
		2988FF1E18E59558001435B6 /* libf2cblas.a in Frameworks */ = {isa = PBXBuildFile; fileRef = 2988FF1C18E59558001435B6 /* libf2cblas.a */; };
		2988FF1F18E59558001435B6 /* libf2clapack.a in Frameworks */ = {isa = PBXBuildFile; fileRef = 2988FF1D18E59558001435B6 /* libf2clapack.a */; };
		2996986023488F94001779BC /* iPadStoryboard.storyboard in Resources */ = {isa = PBXBuildFile; fileRef = 9C9608AB1712EF0900E1D4A0 /* iPadStoryboard.storyboard */; };
		2996986123488F94001779BC /* iPhoneiPodStoryboard.storyboard in Resources */ = {isa = PBXBuildFile; fileRef = 9CE1A65917B0FB9700E5152F /* iPhoneiPodStoryboard.storyboard */; };
		29A4AC80193CE6DA0007B5A5 /* Images.xcassets in Resources */ = {isa = PBXBuildFile; fileRef = 29A4AC7F193CE6DA0007B5A5 /* Images.xcassets */; };
		29D83C8320A5E24700970050 /* LaunchScreen.storyboard in Resources */ = {isa = PBXBuildFile; fileRef = 2924309A20A5D3830055B9AB /* LaunchScreen.storyboard */; };
		9C1B9912194F4E0400507EFD /* slepc.framework in Frameworks */ = {isa = PBXBuildFile; fileRef = 9C1B9911194F4E0400507EFD /* slepc.framework */; };
		9C1C10FA17BA5E7D00BFD483 /* OptionsViewController.mm in Sources */ = {isa = PBXBuildFile; fileRef = 9C1C10F917BA5E7D00BFD483 /* OptionsViewController.mm */; };
		9C2C3A1E187FDF9200E87F78 /* libc++.tbd in Frameworks */ = {isa = PBXBuildFile; fileRef = 9C2C3A1D187FDF9200E87F78 /* libc++.tbd */; };
		9C2C3A20187FDF9900E87F78 /* libstdc++.tbd in Frameworks */ = {isa = PBXBuildFile; fileRef = 9C2C3A1F187FDF9900E87F78 /* libstdc++.tbd */; };
		9C6A645817A7C3DB00DEDAFC /* drawString.cpp in Sources */ = {isa = PBXBuildFile; fileRef = 9C6A645617A7C3DB00DEDAFC /* drawString.cpp */; };
		9C95B7F61726C88E00C0CCE2 /* main.mm in Sources */ = {isa = PBXBuildFile; fileRef = 9C95B7F51726C88E00C0CCE2 /* main.mm */; };
		9C96083B1712C16300E1D4A0 /* UIKit.framework in Frameworks */ = {isa = PBXBuildFile; fileRef = 9C96083A1712C16300E1D4A0 /* UIKit.framework */; };
		9C96083D1712C16300E1D4A0 /* Foundation.framework in Frameworks */ = {isa = PBXBuildFile; fileRef = 9C96083C1712C16300E1D4A0 /* Foundation.framework */; };
		9C96083F1712C16300E1D4A0 /* CoreGraphics.framework in Frameworks */ = {isa = PBXBuildFile; fileRef = 9C96083E1712C16300E1D4A0 /* CoreGraphics.framework */; };
		9C96084B1712C16400E1D4A0 /* AppDelegate.mm in Sources */ = {isa = PBXBuildFile; fileRef = 9C96084A1712C16300E1D4A0 /* AppDelegate.mm */; };
		9C9608511712C16400E1D4A0 /* ParametersViewController.mm in Sources */ = {isa = PBXBuildFile; fileRef = 9C9608501712C16400E1D4A0 /* ParametersViewController.mm */; };
		9C9608541712C16400E1D4A0 /* ModelViewController.mm in Sources */ = {isa = PBXBuildFile; fileRef = 9C9608531712C16400E1D4A0 /* ModelViewController.mm */; };
		9C9608741712C47200E1D4A0 /* EAGLView.mm in Sources */ = {isa = PBXBuildFile; fileRef = 9C9608731712C47200E1D4A0 /* EAGLView.mm */; };
		9C96089B1712C7BE00E1D4A0 /* OpenGLES.framework in Frameworks */ = {isa = PBXBuildFile; fileRef = 9C96089A1712C7BE00E1D4A0 /* OpenGLES.framework */; };
		9C96089D1712C7F600E1D4A0 /* QuartzCore.framework in Frameworks */ = {isa = PBXBuildFile; fileRef = 9C96089C1712C7F600E1D4A0 /* QuartzCore.framework */; };
		9C96089F1712C8EB00E1D4A0 /* emulatorFix.c in Sources */ = {isa = PBXBuildFile; fileRef = 9C96089E1712C8EB00E1D4A0 /* emulatorFix.c */; };
		9CB1CD9818DB2D8700110882 /* icon_rotate.png in Resources */ = {isa = PBXBuildFile; fileRef = 9CB1CD9618DB2D8700110882 /* icon_rotate.png */; };
		9CB1CD9B18DC36AC00110882 /* AboutViewController.mm in Sources */ = {isa = PBXBuildFile; fileRef = 9CB1CD9A18DC36AC00110882 /* AboutViewController.mm */; };
		9CB1CD9D18DC57DE00110882 /* icon_translate.png in Resources */ = {isa = PBXBuildFile; fileRef = 9CB1CD9C18DC57DE00110882 /* icon_translate.png */; };
		9CC6EBB717BA0A38001CA21A /* drawGeom.cpp in Sources */ = {isa = PBXBuildFile; fileRef = 9CC6EBB617BA0A38001CA21A /* drawGeom.cpp */; };
		9CC6EBB917BA1CC7001CA21A /* drawMesh.cpp in Sources */ = {isa = PBXBuildFile; fileRef = 9CC6EBB817BA1CC7001CA21A /* drawMesh.cpp */; };
		9CC85C021790286C00F241C4 /* files in Resources */ = {isa = PBXBuildFile; fileRef = 9CC85C011790286C00F241C4 /* files */; };
		9CDCED2317D5C00500B39082 /* Model.mm in Sources */ = {isa = PBXBuildFile; fileRef = 9CDCED2217D5C00500B39082 /* Model.mm */; };
		9CE08E10178AEB1600A83B4B /* getdp.framework in Frameworks */ = {isa = PBXBuildFile; fileRef = 9CE08E0D178AEB1600A83B4B /* getdp.framework */; };
		9CE08E11178AEB1600A83B4B /* gmsh.framework in Frameworks */ = {isa = PBXBuildFile; fileRef = 9CE08E0E178AEB1600A83B4B /* gmsh.framework */; };
		9CE08E12178AEB1600A83B4B /* petsc.framework in Frameworks */ = {isa = PBXBuildFile; fileRef = 9CE08E0F178AEB1600A83B4B /* petsc.framework */; };
		9CE08E13178AEC5F00A83B4B /* drawContext.cpp in Sources */ = {isa = PBXBuildFile; fileRef = 9CE08E01178AE6BE00A83B4B /* drawContext.cpp */; };
		9CE08E17178AEC5F00A83B4B /* Trackball.cpp in Sources */ = {isa = PBXBuildFile; fileRef = 9CE08E04178AE6BE00A83B4B /* Trackball.cpp */; };
		9CE18C2017B27EDB009BA06E /* Parameter.mm in Sources */ = {isa = PBXBuildFile; fileRef = 9CE18C1F17B27EDB009BA06E /* Parameter.mm */; };
		9CE1A65717B0F39D00E5152F /* Utils.mm in Sources */ = {isa = PBXBuildFile; fileRef = 9CE1A65617B0F39D00E5152F /* Utils.mm */; };
		9CE2773B17E197F50076E728 /* Social.framework in Frameworks */ = {isa = PBXBuildFile; fileRef = 9CE2773917E197DA0076E728 /* Social.framework */; };
		9CEAE86E17AF824B00813524 /* iosUtils.cpp in Sources */ = {isa = PBXBuildFile; fileRef = 9CEAE86D17AF824B00813524 /* iosUtils.cpp */; };
		9CEAE87D17AFD5BB00813524 /* SplitViewController.mm in Sources */ = {isa = PBXBuildFile; fileRef = 9CEAE87C17AFD5BB00813524 /* SplitViewController.mm */; };
		9CEAECC717A91CD20014D229 /* ModelListController.mm in Sources */ = {isa = PBXBuildFile; fileRef = 9CEAECC617A91CD20014D229 /* ModelListController.mm */; };
		9CF34DE417C62FC500A3D5E3 /* PostProcessingViewController.mm in Sources */ = {isa = PBXBuildFile; fileRef = 9CF34DE317C62FC500A3D5E3 /* PostProcessingViewController.mm */; };
/* End PBXBuildFile section */

/* Begin PBXFileReference section */
		2901F1201BB0086C004C328B /* libz.tbd */ = {isa = PBXFileReference; lastKnownFileType = "sourcecode.text-based-tbd-definition"; name = libz.tbd; path = usr/lib/libz.tbd; sourceTree = SDKROOT; };
		2907CCEB193DE6560011341A /* icon_onelab.png */ = {isa = PBXFileReference; lastKnownFileType = image.png; path = icon_onelab.png; sourceTree = "<group>"; };
		291191DA1E93ACF700069C0C /* occt.framework */ = {isa = PBXFileReference; lastKnownFileType = wrapper.framework; name = occt.framework; path = Onelab/frameworks/occt.framework; sourceTree = "<group>"; };
		2924309A20A5D3830055B9AB /* LaunchScreen.storyboard */ = {isa = PBXFileReference; lastKnownFileType = file.storyboard; path = LaunchScreen.storyboard; sourceTree = "<group>"; };
		295056601D9AF3D200B9D9C4 /* MessageUI.framework */ = {isa = PBXFileReference; lastKnownFileType = wrapper.framework; name = MessageUI.framework; path = System/Library/Frameworks/MessageUI.framework; sourceTree = SDKROOT; };
		2988FF1C18E59558001435B6 /* libf2cblas.a */ = {isa = PBXFileReference; lastKnownFileType = archive.ar; name = libf2cblas.a; path = Onelab/frameworks/petsc.framework/libf2cblas.a; sourceTree = "<group>"; };
		2988FF1D18E59558001435B6 /* libf2clapack.a */ = {isa = PBXFileReference; lastKnownFileType = archive.ar; name = libf2clapack.a; path = Onelab/frameworks/petsc.framework/libf2clapack.a; sourceTree = "<group>"; };
		29A4AC7F193CE6DA0007B5A5 /* Images.xcassets */ = {isa = PBXFileReference; lastKnownFileType = folder.assetcatalog; path = Images.xcassets; sourceTree = "<group>"; };
		9C1B9911194F4E0400507EFD /* slepc.framework */ = {isa = PBXFileReference; lastKnownFileType = wrapper.framework; name = slepc.framework; path = Onelab/frameworks/slepc.framework; sourceTree = "<group>"; };
		9C1C10F817BA5E7D00BFD483 /* OptionsViewController.h */ = {isa = PBXFileReference; fileEncoding = 4; lastKnownFileType = sourcecode.c.h; path = OptionsViewController.h; sourceTree = "<group>"; };
		9C1C10F917BA5E7D00BFD483 /* OptionsViewController.mm */ = {isa = PBXFileReference; fileEncoding = 4; lastKnownFileType = sourcecode.cpp.objcpp; path = OptionsViewController.mm; sourceTree = "<group>"; };
		9C2C3A1D187FDF9200E87F78 /* libc++.tbd */ = {isa = PBXFileReference; lastKnownFileType = "compiled.mach-o.tbd"; name = "libc++.tbd"; path = "usr/lib/libc++.tbd"; sourceTree = SDKROOT; };
		9C2C3A1F187FDF9900E87F78 /* libstdc++.tbd */ = {isa = PBXFileReference; lastKnownFileType = "compiled.mach-o.tbd"; name = "libstdc++.tbd"; path = "usr/lib/libstdc++.tbd"; sourceTree = SDKROOT; };
		9C6A645617A7C3DB00DEDAFC /* drawString.cpp */ = {isa = PBXFileReference; fileEncoding = 4; lastKnownFileType = sourcecode.cpp.cpp; path = drawString.cpp; sourceTree = "<group>"; usesTabs = 1; };
		9C6A645717A7C3DB00DEDAFC /* drawString.h */ = {isa = PBXFileReference; fileEncoding = 4; lastKnownFileType = sourcecode.c.h; path = drawString.h; sourceTree = "<group>"; usesTabs = 1; };
		9C95B7F51726C88E00C0CCE2 /* main.mm */ = {isa = PBXFileReference; fileEncoding = 4; lastKnownFileType = sourcecode.cpp.objcpp; path = main.mm; sourceTree = "<group>"; };
		9C9608361712C16300E1D4A0 /* Onelab.app */ = {isa = PBXFileReference; explicitFileType = wrapper.application; includeInIndex = 0; path = Onelab.app; sourceTree = BUILT_PRODUCTS_DIR; };
		9C96083A1712C16300E1D4A0 /* UIKit.framework */ = {isa = PBXFileReference; lastKnownFileType = wrapper.framework; name = UIKit.framework; path = System/Library/Frameworks/UIKit.framework; sourceTree = SDKROOT; };
		9C96083C1712C16300E1D4A0 /* Foundation.framework */ = {isa = PBXFileReference; lastKnownFileType = wrapper.framework; name = Foundation.framework; path = System/Library/Frameworks/Foundation.framework; sourceTree = SDKROOT; };
		9C96083E1712C16300E1D4A0 /* CoreGraphics.framework */ = {isa = PBXFileReference; lastKnownFileType = wrapper.framework; name = CoreGraphics.framework; path = System/Library/Frameworks/CoreGraphics.framework; sourceTree = SDKROOT; };
		9C9608491712C16300E1D4A0 /* AppDelegate.h */ = {isa = PBXFileReference; lastKnownFileType = sourcecode.c.h; path = AppDelegate.h; sourceTree = "<group>"; usesTabs = 1; };
		9C96084A1712C16300E1D4A0 /* AppDelegate.mm */ = {isa = PBXFileReference; lastKnownFileType = sourcecode.cpp.objcpp; path = AppDelegate.mm; sourceTree = "<group>"; usesTabs = 1; };
		9C96084F1712C16400E1D4A0 /* ParametersViewController.h */ = {isa = PBXFileReference; lastKnownFileType = sourcecode.c.h; path = ParametersViewController.h; sourceTree = "<group>"; usesTabs = 1; };
		9C9608501712C16400E1D4A0 /* ParametersViewController.mm */ = {isa = PBXFileReference; lastKnownFileType = sourcecode.cpp.objcpp; path = ParametersViewController.mm; sourceTree = "<group>"; usesTabs = 1; };
		9C9608521712C16400E1D4A0 /* ModelViewController.h */ = {isa = PBXFileReference; lastKnownFileType = sourcecode.c.h; path = ModelViewController.h; sourceTree = "<group>"; usesTabs = 1; };
		9C9608531712C16400E1D4A0 /* ModelViewController.mm */ = {isa = PBXFileReference; lastKnownFileType = sourcecode.cpp.objcpp; path = ModelViewController.mm; sourceTree = "<group>"; usesTabs = 1; };
		9C96085B1712C16400E1D4A0 /* SenTestingKit.framework */ = {isa = PBXFileReference; lastKnownFileType = wrapper.framework; name = SenTestingKit.framework; path = Library/Frameworks/SenTestingKit.framework; sourceTree = DEVELOPER_DIR; };
		9C9608721712C47200E1D4A0 /* EAGLView.h */ = {isa = PBXFileReference; fileEncoding = 4; lastKnownFileType = sourcecode.c.h; path = EAGLView.h; sourceTree = "<group>"; usesTabs = 1; };
		9C9608731712C47200E1D4A0 /* EAGLView.mm */ = {isa = PBXFileReference; fileEncoding = 4; lastKnownFileType = sourcecode.cpp.objcpp; path = EAGLView.mm; sourceTree = "<group>"; usesTabs = 1; };
		9C96089A1712C7BE00E1D4A0 /* OpenGLES.framework */ = {isa = PBXFileReference; lastKnownFileType = wrapper.framework; name = OpenGLES.framework; path = System/Library/Frameworks/OpenGLES.framework; sourceTree = SDKROOT; };
		9C96089C1712C7F600E1D4A0 /* QuartzCore.framework */ = {isa = PBXFileReference; lastKnownFileType = wrapper.framework; name = QuartzCore.framework; path = System/Library/Frameworks/QuartzCore.framework; sourceTree = SDKROOT; };
		9C96089E1712C8EB00E1D4A0 /* emulatorFix.c */ = {isa = PBXFileReference; fileEncoding = 4; lastKnownFileType = sourcecode.c.c; path = emulatorFix.c; sourceTree = "<group>"; usesTabs = 1; };
		9C9608AB1712EF0900E1D4A0 /* iPadStoryboard.storyboard */ = {isa = PBXFileReference; lastKnownFileType = file.storyboard; path = iPadStoryboard.storyboard; sourceTree = "<group>"; };
		9C99754C17390DEE0036EC24 /* iosUtils.h */ = {isa = PBXFileReference; fileEncoding = 4; lastKnownFileType = sourcecode.c.h; path = iosUtils.h; sourceTree = "<group>"; usesTabs = 1; };
		9CB1CD9618DB2D8700110882 /* icon_rotate.png */ = {isa = PBXFileReference; lastKnownFileType = image.png; path = icon_rotate.png; sourceTree = "<group>"; };
		9CB1CD9918DC36AC00110882 /* AboutViewController.h */ = {isa = PBXFileReference; fileEncoding = 4; lastKnownFileType = sourcecode.c.h; path = AboutViewController.h; sourceTree = "<group>"; };
		9CB1CD9A18DC36AC00110882 /* AboutViewController.mm */ = {isa = PBXFileReference; fileEncoding = 4; lastKnownFileType = sourcecode.cpp.objcpp; path = AboutViewController.mm; sourceTree = "<group>"; };
		9CB1CD9C18DC57DE00110882 /* icon_translate.png */ = {isa = PBXFileReference; lastKnownFileType = image.png; path = icon_translate.png; sourceTree = "<group>"; };
		9CC6EBB617BA0A38001CA21A /* drawGeom.cpp */ = {isa = PBXFileReference; fileEncoding = 4; lastKnownFileType = sourcecode.cpp.cpp; path = drawGeom.cpp; sourceTree = "<group>"; usesTabs = 1; };
		9CC6EBB817BA1CC7001CA21A /* drawMesh.cpp */ = {isa = PBXFileReference; fileEncoding = 4; lastKnownFileType = sourcecode.cpp.cpp; path = drawMesh.cpp; sourceTree = "<group>"; };
		9CC85C011790286C00F241C4 /* files */ = {isa = PBXFileReference; lastKnownFileType = folder; path = files; sourceTree = "<group>"; };
		9CDCED2117D5C00500B39082 /* Model.h */ = {isa = PBXFileReference; fileEncoding = 4; lastKnownFileType = sourcecode.c.h; path = Model.h; sourceTree = "<group>"; };
		9CDCED2217D5C00500B39082 /* Model.mm */ = {isa = PBXFileReference; fileEncoding = 4; lastKnownFileType = sourcecode.cpp.objcpp; path = Model.mm; sourceTree = "<group>"; };
		9CE08E01178AE6BE00A83B4B /* drawContext.cpp */ = {isa = PBXFileReference; fileEncoding = 4; lastKnownFileType = sourcecode.cpp.cpp; path = drawContext.cpp; sourceTree = "<group>"; usesTabs = 1; };
		9CE08E02178AE6BE00A83B4B /* drawContext.h */ = {isa = PBXFileReference; fileEncoding = 4; lastKnownFileType = sourcecode.c.h; path = drawContext.h; sourceTree = "<group>"; usesTabs = 1; };
		9CE08E04178AE6BE00A83B4B /* Trackball.cpp */ = {isa = PBXFileReference; fileEncoding = 4; lastKnownFileType = sourcecode.cpp.cpp; path = Trackball.cpp; sourceTree = "<group>"; usesTabs = 1; };
		9CE08E05178AE6BE00A83B4B /* Trackball.h */ = {isa = PBXFileReference; fileEncoding = 4; lastKnownFileType = sourcecode.c.h; path = Trackball.h; sourceTree = "<group>"; usesTabs = 1; };
		9CE08E0D178AEB1600A83B4B /* getdp.framework */ = {isa = PBXFileReference; lastKnownFileType = wrapper.framework; name = getdp.framework; path = Onelab/frameworks/getdp.framework; sourceTree = "<group>"; };
		9CE08E0E178AEB1600A83B4B /* gmsh.framework */ = {isa = PBXFileReference; lastKnownFileType = wrapper.framework; name = gmsh.framework; path = Onelab/frameworks/gmsh.framework; sourceTree = "<group>"; };
		9CE08E0F178AEB1600A83B4B /* petsc.framework */ = {isa = PBXFileReference; lastKnownFileType = wrapper.framework; name = petsc.framework; path = Onelab/frameworks/petsc.framework; sourceTree = "<group>"; };
		9CE18C1E17B27EDB009BA06E /* Parameter.h */ = {isa = PBXFileReference; fileEncoding = 4; lastKnownFileType = sourcecode.c.h; path = Parameter.h; sourceTree = "<group>"; usesTabs = 1; };
		9CE18C1F17B27EDB009BA06E /* Parameter.mm */ = {isa = PBXFileReference; fileEncoding = 4; lastKnownFileType = sourcecode.cpp.objcpp; path = Parameter.mm; sourceTree = "<group>"; usesTabs = 1; };
		9CE1A65517B0F39C00E5152F /* Utils.h */ = {isa = PBXFileReference; fileEncoding = 4; lastKnownFileType = sourcecode.c.h; path = Utils.h; sourceTree = "<group>"; usesTabs = 1; };
		9CE1A65617B0F39D00E5152F /* Utils.mm */ = {isa = PBXFileReference; fileEncoding = 4; lastKnownFileType = sourcecode.cpp.objcpp; path = Utils.mm; sourceTree = "<group>"; usesTabs = 1; };
		9CE1A65917B0FB9700E5152F /* iPhoneiPodStoryboard.storyboard */ = {isa = PBXFileReference; lastKnownFileType = file.storyboard; path = iPhoneiPodStoryboard.storyboard; sourceTree = "<group>"; };
		9CE2773917E197DA0076E728 /* Social.framework */ = {isa = PBXFileReference; lastKnownFileType = wrapper.framework; name = Social.framework; path = System/Library/Frameworks/Social.framework; sourceTree = SDKROOT; };
		9CEAE86D17AF824B00813524 /* iosUtils.cpp */ = {isa = PBXFileReference; fileEncoding = 4; lastKnownFileType = sourcecode.cpp.cpp; path = iosUtils.cpp; sourceTree = "<group>"; usesTabs = 1; };
		9CEAE87B17AFD5BB00813524 /* SplitViewController.h */ = {isa = PBXFileReference; fileEncoding = 4; lastKnownFileType = sourcecode.c.h; path = SplitViewController.h; sourceTree = "<group>"; usesTabs = 1; };
		9CEAE87C17AFD5BB00813524 /* SplitViewController.mm */ = {isa = PBXFileReference; fileEncoding = 4; lastKnownFileType = sourcecode.cpp.objcpp; path = SplitViewController.mm; sourceTree = "<group>"; usesTabs = 1; };
		9CEAECC517A91CD20014D229 /* ModelListController.h */ = {isa = PBXFileReference; fileEncoding = 4; lastKnownFileType = sourcecode.c.h; path = ModelListController.h; sourceTree = "<group>"; usesTabs = 1; };
		9CEAECC617A91CD20014D229 /* ModelListController.mm */ = {isa = PBXFileReference; fileEncoding = 4; lastKnownFileType = sourcecode.cpp.objcpp; path = ModelListController.mm; sourceTree = "<group>"; usesTabs = 1; };
		9CF1C1EE17AA8997002CD2E3 /* Onelab-Info.plist */ = {isa = PBXFileReference; fileEncoding = 4; lastKnownFileType = text.plist.xml; path = "Onelab-Info.plist"; sourceTree = "<group>"; };
		9CF1C1F117AA8A7D002CD2E3 /* Onelab-Prefix.pch */ = {isa = PBXFileReference; fileEncoding = 4; lastKnownFileType = sourcecode.c.h; path = "Onelab-Prefix.pch"; sourceTree = "<group>"; };
		9CF34DE217C62FC500A3D5E3 /* PostProcessingViewController.h */ = {isa = PBXFileReference; fileEncoding = 4; lastKnownFileType = sourcecode.c.h; path = PostProcessingViewController.h; sourceTree = "<group>"; };
		9CF34DE317C62FC500A3D5E3 /* PostProcessingViewController.mm */ = {isa = PBXFileReference; fileEncoding = 4; lastKnownFileType = sourcecode.cpp.objcpp; path = PostProcessingViewController.mm; sourceTree = "<group>"; };
/* End PBXFileReference section */

/* Begin PBXFrameworksBuildPhase section */
		9C9608331712C16300E1D4A0 /* Frameworks */ = {
			isa = PBXFrameworksBuildPhase;
			buildActionMask = 2147483647;
			files = (
				2988FF1E18E59558001435B6 /* libf2cblas.a in Frameworks */,
				2988FF1F18E59558001435B6 /* libf2clapack.a in Frameworks */,
				2901F1211BB0086C004C328B /* libz.tbd in Frameworks */,
				9C2C3A20187FDF9900E87F78 /* libstdc++.tbd in Frameworks */,
				9C2C3A1E187FDF9200E87F78 /* libc++.tbd in Frameworks */,
				9C96089D1712C7F600E1D4A0 /* QuartzCore.framework in Frameworks */,
				9C96089B1712C7BE00E1D4A0 /* OpenGLES.framework in Frameworks */,
				9C96083B1712C16300E1D4A0 /* UIKit.framework in Frameworks */,
				9C96083D1712C16300E1D4A0 /* Foundation.framework in Frameworks */,
				9C96083F1712C16300E1D4A0 /* CoreGraphics.framework in Frameworks */,
				9CE2773B17E197F50076E728 /* Social.framework in Frameworks */,
				295056611D9AF3D200B9D9C4 /* MessageUI.framework in Frameworks */,
				9CE08E10178AEB1600A83B4B /* getdp.framework in Frameworks */,
				9CE08E11178AEB1600A83B4B /* gmsh.framework in Frameworks */,
				9CE08E12178AEB1600A83B4B /* petsc.framework in Frameworks */,
				9C1B9912194F4E0400507EFD /* slepc.framework in Frameworks */,
				291191DB1E93ACF700069C0C /* occt.framework in Frameworks */,
			);
			runOnlyForDeploymentPostprocessing = 0;
		};
/* End PBXFrameworksBuildPhase section */

/* Begin PBXGroup section */
		9C928621180D216500AAABD4 /* icons */ = {
			isa = PBXGroup;
			children = (
				2907CCEB193DE6560011341A /* icon_onelab.png */,
				9CB1CD9C18DC57DE00110882 /* icon_translate.png */,
				9CB1CD9618DB2D8700110882 /* icon_rotate.png */,
			);
			name = icons;
			sourceTree = "<group>";
		};
		9C96082B1712C16300E1D4A0 = {
			isa = PBXGroup;
			children = (
				9C9608401712C16300E1D4A0 /* Onelab */,
				9C9608391712C16300E1D4A0 /* Frameworks */,
				9C9608371712C16300E1D4A0 /* Products */,
			);
			sourceTree = "<group>";
		};
		9C9608371712C16300E1D4A0 /* Products */ = {
			isa = PBXGroup;
			children = (
				9C9608361712C16300E1D4A0 /* Onelab.app */,
			);
			name = Products;
			sourceTree = "<group>";
		};
		9C9608391712C16300E1D4A0 /* Frameworks */ = {
			isa = PBXGroup;
			children = (
				291191DA1E93ACF700069C0C /* occt.framework */,
				295056601D9AF3D200B9D9C4 /* MessageUI.framework */,
				2901F1201BB0086C004C328B /* libz.tbd */,
				9C1B9911194F4E0400507EFD /* slepc.framework */,
				2988FF1C18E59558001435B6 /* libf2cblas.a */,
				2988FF1D18E59558001435B6 /* libf2clapack.a */,
				9C2C3A1F187FDF9900E87F78 /* libstdc++.tbd */,
				9C2C3A1D187FDF9200E87F78 /* libc++.tbd */,
				9CE2773917E197DA0076E728 /* Social.framework */,
				9CE08E0D178AEB1600A83B4B /* getdp.framework */,
				9CE08E0E178AEB1600A83B4B /* gmsh.framework */,
				9CE08E0F178AEB1600A83B4B /* petsc.framework */,
				9C96089C1712C7F600E1D4A0 /* QuartzCore.framework */,
				9C96089A1712C7BE00E1D4A0 /* OpenGLES.framework */,
				9C96083A1712C16300E1D4A0 /* UIKit.framework */,
				9C96083C1712C16300E1D4A0 /* Foundation.framework */,
				9C96083E1712C16300E1D4A0 /* CoreGraphics.framework */,
				9C96085B1712C16400E1D4A0 /* SenTestingKit.framework */,
			);
			name = Frameworks;
			sourceTree = "<group>";
		};
		9C9608401712C16300E1D4A0 /* Onelab */ = {
			isa = PBXGroup;
			children = (
				9C928621180D216500AAABD4 /* icons */,
				9CC85C011790286C00F241C4 /* files */,
				2924309A20A5D3830055B9AB /* LaunchScreen.storyboard */,
				9C9608AB1712EF0900E1D4A0 /* iPadStoryboard.storyboard */,
				9CE1A65917B0FB9700E5152F /* iPhoneiPodStoryboard.storyboard */,
				9C9608491712C16300E1D4A0 /* AppDelegate.h */,
				9C96084A1712C16300E1D4A0 /* AppDelegate.mm */,
				9C99754C17390DEE0036EC24 /* iosUtils.h */,
				9CEAE86D17AF824B00813524 /* iosUtils.cpp */,
				9CE08E02178AE6BE00A83B4B /* drawContext.h */,
				9CE08E01178AE6BE00A83B4B /* drawContext.cpp */,
				9CC6EBB617BA0A38001CA21A /* drawGeom.cpp */,
				9CC6EBB817BA1CC7001CA21A /* drawMesh.cpp */,
				9C6A645717A7C3DB00DEDAFC /* drawString.h */,
				9C6A645617A7C3DB00DEDAFC /* drawString.cpp */,
				9CE08E05178AE6BE00A83B4B /* Trackball.h */,
				9CE08E04178AE6BE00A83B4B /* Trackball.cpp */,
				9CE1A65517B0F39C00E5152F /* Utils.h */,
				9CE1A65617B0F39D00E5152F /* Utils.mm */,
				9CDCED2117D5C00500B39082 /* Model.h */,
				9CDCED2217D5C00500B39082 /* Model.mm */,
				9CE18C1E17B27EDB009BA06E /* Parameter.h */,
				9CE18C1F17B27EDB009BA06E /* Parameter.mm */,
				9CEAECC517A91CD20014D229 /* ModelListController.h */,
				9CEAECC617A91CD20014D229 /* ModelListController.mm */,
				9CB1CD9918DC36AC00110882 /* AboutViewController.h */,
				9CB1CD9A18DC36AC00110882 /* AboutViewController.mm */,
				9CEAE87B17AFD5BB00813524 /* SplitViewController.h */,
				9CEAE87C17AFD5BB00813524 /* SplitViewController.mm */,
				9C96084F1712C16400E1D4A0 /* ParametersViewController.h */,
				9C9608501712C16400E1D4A0 /* ParametersViewController.mm */,
				9C9608521712C16400E1D4A0 /* ModelViewController.h */,
				9C9608531712C16400E1D4A0 /* ModelViewController.mm */,
				9C1C10F817BA5E7D00BFD483 /* OptionsViewController.h */,
				9C1C10F917BA5E7D00BFD483 /* OptionsViewController.mm */,
				9CF34DE217C62FC500A3D5E3 /* PostProcessingViewController.h */,
				9CF34DE317C62FC500A3D5E3 /* PostProcessingViewController.mm */,
				9C9608721712C47200E1D4A0 /* EAGLView.h */,
				9C9608731712C47200E1D4A0 /* EAGLView.mm */,
				9C96089E1712C8EB00E1D4A0 /* emulatorFix.c */,
				29A4AC7F193CE6DA0007B5A5 /* Images.xcassets */,
				9CF1C1F017AA8A46002CD2E3 /* Supporting Files */,
			);
			path = Onelab;
			sourceTree = "<group>";
		};
		9CF1C1F017AA8A46002CD2E3 /* Supporting Files */ = {
			isa = PBXGroup;
			children = (
				9CF1C1F117AA8A7D002CD2E3 /* Onelab-Prefix.pch */,
				9C95B7F51726C88E00C0CCE2 /* main.mm */,
				9CF1C1EE17AA8997002CD2E3 /* Onelab-Info.plist */,
			);
			name = "Supporting Files";
			sourceTree = "<group>";
		};
/* End PBXGroup section */

/* Begin PBXNativeTarget section */
		9C9608351712C16300E1D4A0 /* Onelab */ = {
			isa = PBXNativeTarget;
			buildConfigurationList = 9C96086C1712C16400E1D4A0 /* Build configuration list for PBXNativeTarget "Onelab" */;
			buildPhases = (
				9C9608321712C16300E1D4A0 /* Sources */,
				9C9608331712C16300E1D4A0 /* Frameworks */,
				9C9608341712C16300E1D4A0 /* Resources */,
			);
			buildRules = (
			);
			dependencies = (
			);
			name = Onelab;
			productName = Onelab;
			productReference = 9C9608361712C16300E1D4A0 /* Onelab.app */;
			productType = "com.apple.product-type.application";
		};
/* End PBXNativeTarget section */

/* Begin PBXProject section */
		9C96082D1712C16300E1D4A0 /* Project object */ = {
			isa = PBXProject;
			attributes = {
				LastUpgradeCheck = 1100;
				ORGANIZATIONNAME = "Christophe Geuzaine";
				TargetAttributes = {
					9C9608351712C16300E1D4A0 = {
						DevelopmentTeam = 7KGA566932;
					};
				};
			};
			buildConfigurationList = 9C9608301712C16300E1D4A0 /* Build configuration list for PBXProject "Onelab" */;
			compatibilityVersion = "Xcode 3.2";
			developmentRegion = en;
			hasScannedForEncodings = 0;
			knownRegions = (
				en,
				Base,
			);
			mainGroup = 9C96082B1712C16300E1D4A0;
			productRefGroup = 9C9608371712C16300E1D4A0 /* Products */;
			projectDirPath = "";
			projectRoot = "";
			targets = (
				9C9608351712C16300E1D4A0 /* Onelab */,
			);
		};
/* End PBXProject section */

/* Begin PBXResourcesBuildPhase section */
		9C9608341712C16300E1D4A0 /* Resources */ = {
			isa = PBXResourcesBuildPhase;
			buildActionMask = 2147483647;
			files = (
				2996986023488F94001779BC /* iPadStoryboard.storyboard in Resources */,
				29D83C8320A5E24700970050 /* LaunchScreen.storyboard in Resources */,
				9CB1CD9818DB2D8700110882 /* icon_rotate.png in Resources */,
				9CC85C021790286C00F241C4 /* files in Resources */,
				29A4AC80193CE6DA0007B5A5 /* Images.xcassets in Resources */,
				2907CCEC193DE6560011341A /* icon_onelab.png in Resources */,
				9CB1CD9D18DC57DE00110882 /* icon_translate.png in Resources */,
				2996986123488F94001779BC /* iPhoneiPodStoryboard.storyboard in Resources */,
			);
			runOnlyForDeploymentPostprocessing = 0;
		};
/* End PBXResourcesBuildPhase section */

/* Begin PBXSourcesBuildPhase section */
		9C9608321712C16300E1D4A0 /* Sources */ = {
			isa = PBXSourcesBuildPhase;
			buildActionMask = 2147483647;
			files = (
				9CE08E13178AEC5F00A83B4B /* drawContext.cpp in Sources */,
				9CE08E17178AEC5F00A83B4B /* Trackball.cpp in Sources */,
				9C96084B1712C16400E1D4A0 /* AppDelegate.mm in Sources */,
				9C9608511712C16400E1D4A0 /* ParametersViewController.mm in Sources */,
				9C9608541712C16400E1D4A0 /* ModelViewController.mm in Sources */,
				9C9608741712C47200E1D4A0 /* EAGLView.mm in Sources */,
				9CB1CD9B18DC36AC00110882 /* AboutViewController.mm in Sources */,
				9C96089F1712C8EB00E1D4A0 /* emulatorFix.c in Sources */,
				9C95B7F61726C88E00C0CCE2 /* main.mm in Sources */,
				9C6A645817A7C3DB00DEDAFC /* drawString.cpp in Sources */,
				9CEAECC717A91CD20014D229 /* ModelListController.mm in Sources */,
				9CEAE86E17AF824B00813524 /* iosUtils.cpp in Sources */,
				9CEAE87D17AFD5BB00813524 /* SplitViewController.mm in Sources */,
				9CE1A65717B0F39D00E5152F /* Utils.mm in Sources */,
				9CE18C2017B27EDB009BA06E /* Parameter.mm in Sources */,
				9CC6EBB717BA0A38001CA21A /* drawGeom.cpp in Sources */,
				9CC6EBB917BA1CC7001CA21A /* drawMesh.cpp in Sources */,
				9C1C10FA17BA5E7D00BFD483 /* OptionsViewController.mm in Sources */,
				9CF34DE417C62FC500A3D5E3 /* PostProcessingViewController.mm in Sources */,
				9CDCED2317D5C00500B39082 /* Model.mm in Sources */,
			);
			runOnlyForDeploymentPostprocessing = 0;
		};
/* End PBXSourcesBuildPhase section */

/* Begin XCBuildConfiguration section */
		9C96086A1712C16400E1D4A0 /* Debug */ = {
			isa = XCBuildConfiguration;
			buildSettings = {
				ALWAYS_SEARCH_USER_PATHS = NO;
				CLANG_CXX_LANGUAGE_STANDARD = "gnu++0x";
				CLANG_ENABLE_OBJC_ARC = YES;
				CLANG_WARN_BLOCK_CAPTURE_AUTORELEASING = YES;
				CLANG_WARN_BOOL_CONVERSION = YES;
				CLANG_WARN_COMMA = YES;
				CLANG_WARN_CONSTANT_CONVERSION = YES;
				CLANG_WARN_DEPRECATED_OBJC_IMPLEMENTATIONS = YES;
				CLANG_WARN_EMPTY_BODY = YES;
				CLANG_WARN_ENUM_CONVERSION = YES;
				CLANG_WARN_INFINITE_RECURSION = YES;
				CLANG_WARN_INT_CONVERSION = YES;
				CLANG_WARN_NON_LITERAL_NULL_CONVERSION = YES;
				CLANG_WARN_OBJC_IMPLICIT_RETAIN_SELF = YES;
				CLANG_WARN_OBJC_LITERAL_CONVERSION = YES;
				CLANG_WARN_RANGE_LOOP_ANALYSIS = YES;
				CLANG_WARN_STRICT_PROTOTYPES = YES;
				CLANG_WARN_SUSPICIOUS_MOVE = YES;
				CLANG_WARN_UNREACHABLE_CODE = YES;
				CLANG_WARN__DUPLICATE_METHOD_MATCH = YES;
				CODE_SIGN_IDENTITY = "iPhone Developer";
				"CODE_SIGN_IDENTITY[sdk=iphoneos*]" = "iPhone Developer";
				COPY_PHASE_STRIP = NO;
				ENABLE_STRICT_OBJC_MSGSEND = YES;
				ENABLE_TESTABILITY = YES;
				GCC_C_LANGUAGE_STANDARD = gnu99;
				GCC_DYNAMIC_NO_PIC = NO;
				GCC_NO_COMMON_BLOCKS = YES;
				GCC_OPTIMIZATION_LEVEL = 0;
				GCC_PREPROCESSOR_DEFINITIONS = (
					"DEBUG=1",
					"$(inherited)",
				);
				GCC_SYMBOLS_PRIVATE_EXTERN = NO;
				GCC_VERSION = com.apple.compilers.llvm.clang.1_0;
				GCC_WARN_64_TO_32_BIT_CONVERSION = YES;
				GCC_WARN_ABOUT_RETURN_TYPE = YES;
				GCC_WARN_UNDECLARED_SELECTOR = YES;
				GCC_WARN_UNINITIALIZED_AUTOS = YES;
				GCC_WARN_UNUSED_FUNCTION = YES;
				GCC_WARN_UNUSED_VARIABLE = YES;
				IPHONEOS_DEPLOYMENT_TARGET = 9.0;
				ONLY_ACTIVE_ARCH = YES;
				PROVISIONING_PROFILE = "";
				"PROVISIONING_PROFILE[sdk=iphoneos*]" = "";
				SDKROOT = iphoneos;
				TARGETED_DEVICE_FAMILY = 2;
				VALID_ARCHS = arm64;
			};
			name = Debug;
		};
		9C96086B1712C16400E1D4A0 /* Release */ = {
			isa = XCBuildConfiguration;
			buildSettings = {
				ALWAYS_SEARCH_USER_PATHS = NO;
				CLANG_CXX_LANGUAGE_STANDARD = "gnu++0x";
				CLANG_ENABLE_OBJC_ARC = YES;
				CLANG_WARN_BLOCK_CAPTURE_AUTORELEASING = YES;
				CLANG_WARN_BOOL_CONVERSION = YES;
				CLANG_WARN_COMMA = YES;
				CLANG_WARN_CONSTANT_CONVERSION = YES;
				CLANG_WARN_DEPRECATED_OBJC_IMPLEMENTATIONS = YES;
				CLANG_WARN_EMPTY_BODY = YES;
				CLANG_WARN_ENUM_CONVERSION = YES;
				CLANG_WARN_INFINITE_RECURSION = YES;
				CLANG_WARN_INT_CONVERSION = YES;
				CLANG_WARN_NON_LITERAL_NULL_CONVERSION = YES;
				CLANG_WARN_OBJC_IMPLICIT_RETAIN_SELF = YES;
				CLANG_WARN_OBJC_LITERAL_CONVERSION = YES;
				CLANG_WARN_RANGE_LOOP_ANALYSIS = YES;
				CLANG_WARN_STRICT_PROTOTYPES = YES;
				CLANG_WARN_SUSPICIOUS_MOVE = YES;
				CLANG_WARN_UNREACHABLE_CODE = YES;
				CLANG_WARN__DUPLICATE_METHOD_MATCH = YES;
				CODE_SIGN_IDENTITY = "iPhone Developer";
				"CODE_SIGN_IDENTITY[sdk=iphoneos*]" = "iPhone Developer";
				COPY_PHASE_STRIP = YES;
				ENABLE_STRICT_OBJC_MSGSEND = YES;
				GCC_C_LANGUAGE_STANDARD = gnu99;
				GCC_NO_COMMON_BLOCKS = YES;
				GCC_VERSION = com.apple.compilers.llvm.clang.1_0;
				GCC_WARN_64_TO_32_BIT_CONVERSION = YES;
				GCC_WARN_ABOUT_RETURN_TYPE = YES;
				GCC_WARN_UNDECLARED_SELECTOR = YES;
				GCC_WARN_UNINITIALIZED_AUTOS = YES;
				GCC_WARN_UNUSED_FUNCTION = YES;
				GCC_WARN_UNUSED_VARIABLE = YES;
				IPHONEOS_DEPLOYMENT_TARGET = 9.0;
				OTHER_CFLAGS = "-DNS_BLOCK_ASSERTIONS=1";
				PROVISIONING_PROFILE = "";
				"PROVISIONING_PROFILE[sdk=iphoneos*]" = "";
				SDKROOT = iphoneos;
				TARGETED_DEVICE_FAMILY = 2;
				VALIDATE_PRODUCT = YES;
				VALID_ARCHS = arm64;
			};
			name = Release;
		};
		9C96086D1712C16400E1D4A0 /* Debug */ = {
			isa = XCBuildConfiguration;
			buildSettings = {
				ASSETCATALOG_COMPILER_APPICON_NAME = AppIcon;
				CLANG_ENABLE_OBJC_ARC = YES;
				FRAMEWORK_SEARCH_PATHS = (
					"$(inherited)",
					"$(PROJECT_DIR)/Onelab/frameworks",
				);
				GCC_PRECOMPILE_PREFIX_HEADER = YES;
				GCC_PREFIX_HEADER = "Onelab/Onelab-Prefix.pch";
				GCC_PREPROCESSOR_DEFINITIONS = (
					BUILD_IOS,
					"DEBUG=1",
					"$(inherited)",
				);
				INFOPLIST_FILE = "Onelab/Onelab-Info.plist";
				IPHONEOS_DEPLOYMENT_TARGET = 9.0;
				LIBRARY_SEARCH_PATHS = (
					"$(inherited)",
					"$(PROJECT_DIR)/Onelab/frameworks/petsc.framework",
				);
				OTHER_CFLAGS = "-DNS_BLOCK_ASSERTIONS=1";
				PRODUCT_BUNDLE_IDENTIFIER = "org.geuz.${PRODUCT_NAME:rfc1034identifier}";
				PRODUCT_NAME = "$(TARGET_NAME)";
				PROVISIONING_PROFILE = "";
				TARGETED_DEVICE_FAMILY = "1,2";
				VALID_ARCHS = arm64;
				WRAPPER_EXTENSION = app;
			};
			name = Debug;
		};
		9C96086E1712C16400E1D4A0 /* Release */ = {
			isa = XCBuildConfiguration;
			buildSettings = {
				ASSETCATALOG_COMPILER_APPICON_NAME = AppIcon;
				CLANG_ENABLE_OBJC_ARC = YES;
				FRAMEWORK_SEARCH_PATHS = (
					"$(inherited)",
					"$(PROJECT_DIR)/Onelab/frameworks",
				);
				GCC_PRECOMPILE_PREFIX_HEADER = YES;
				GCC_PREFIX_HEADER = "Onelab/Onelab-Prefix.pch";
				GCC_PREPROCESSOR_DEFINITIONS = BUILD_IOS;
				INFOPLIST_FILE = "Onelab/Onelab-Info.plist";
				IPHONEOS_DEPLOYMENT_TARGET = 9.0;
				LIBRARY_SEARCH_PATHS = (
					"$(inherited)",
					"$(PROJECT_DIR)/Onelab/frameworks/petsc.framework",
				);
				PRODUCT_BUNDLE_IDENTIFIER = "org.geuz.${PRODUCT_NAME:rfc1034identifier}";
				PRODUCT_NAME = "$(TARGET_NAME)";
				PROVISIONING_PROFILE = "";
				TARGETED_DEVICE_FAMILY = "1,2";
				VALID_ARCHS = arm64;
				WRAPPER_EXTENSION = app;
			};
			name = Release;
		};
/* End XCBuildConfiguration section */

/* Begin XCConfigurationList section */
		9C9608301712C16300E1D4A0 /* Build configuration list for PBXProject "Onelab" */ = {
			isa = XCConfigurationList;
			buildConfigurations = (
				9C96086A1712C16400E1D4A0 /* Debug */,
				9C96086B1712C16400E1D4A0 /* Release */,
			);
			defaultConfigurationIsVisible = 0;
			defaultConfigurationName = Release;
		};
		9C96086C1712C16400E1D4A0 /* Build configuration list for PBXNativeTarget "Onelab" */ = {
			isa = XCConfigurationList;
			buildConfigurations = (
				9C96086D1712C16400E1D4A0 /* Debug */,
				9C96086E1712C16400E1D4A0 /* Release */,
			);
			defaultConfigurationIsVisible = 0;
			defaultConfigurationName = Release;
		};
/* End XCConfigurationList section */
	};
	rootObject = 9C96082D1712C16300E1D4A0 /* Project object */;
}
